
Microsoft Visual Studio Solution File, Format Version 12.00
# Visual Studio Version 17
VisualStudioVersion = 17.14.36717.8 d17.14
MinimumVisualStudioVersion = 10.0.40219.1
Project("{FAE04EC0-301F-11D3-BF4B-00C04F79EFBC}") = "Math_Library", "Math_Library\Math_Library.csproj", "{33293980-E14F-475A-8F50-3DE53400C372}"
EndProject
Project("{FAE04EC0-301F-11D3-BF4B-00C04F79EFBC}") = "math_library_client", "math_library_client\math_library_client.csproj", "{1BC2C853-58B6-41E3-9956-5E658F48FBF8}"
EndProject
Global
	GlobalSection(SolutionConfigurationPlatforms) = preSolution
		Debug|Any CPU = Debug|Any CPU
		Release|Any CPU = Release|Any CPU
	EndGlobalSection
	GlobalSection(ProjectConfigurationPlatforms) = postSolution
		{33293980-E14F-475A-8F50-3DE53400C372}.Debug|Any CPU.ActiveCfg = Debug|Any CPU
		{33293980-E14F-475A-8F50-3DE53400C372}.Debug|Any CPU.Build.0 = Debug|Any CPU
		{33293980-E14F-475A-8F50-3DE53400C372}.Release|Any CPU.ActiveCfg = Release|Any CPU
		{33293980-E14F-475A-8F50-3DE53400C372}.Release|Any CPU.Build.0 = Release|Any CPU
		{1BC2C853-58B6-41E3-9956-5E658F48FBF8}.Debug|Any CPU.ActiveCfg = Debug|Any CPU
		{1BC2C853-58B6-41E3-9956-5E658F48FBF8}.Debug|Any CPU.Build.0 = Debug|Any CPU
		{1BC2C853-58B6-41E3-9956-5E658F48FBF8}.Release|Any CPU.ActiveCfg = Release|Any CPU
		{1BC2C853-58B6-41E3-9956-5E658F48FBF8}.Release|Any CPU.Build.0 = Release|Any CPU
	EndGlobalSection
	GlobalSection(SolutionProperties) = preSolution
		HideSolutionNode = FALSE
	EndGlobalSection
	GlobalSection(ExtensibilityGlobals) = postSolution
		SolutionGuid = {61C24EF0-DFD3-4994-AEEB-6E009193BAFE}
	EndGlobalSection
EndGlobal
